
Microsoft Visual Studio Solution File, Format Version 12.00
# Visual Studio Version 17
VisualStudioVersion = 17.5.33530.505
MinimumVisualStudioVersion = 10.0.40219.1
Project("{FAE04EC0-301F-11D3-BF4B-00C04F79EFBC}") = "GavelPoMobile.SandBox", "GavelPoMobile.SandBox\GavelPoMobile.SandBox.csproj", "{D3F542B5-1325-41DE-B653-6015919A446A}"
EndProject
Global
	GlobalSection(SolutionConfigurationPlatforms) = preSolution
		Debug|Any CPU = Debug|Any CPU
		Release|Any CPU = Release|Any CPU
	EndGlobalSection
	GlobalSection(ProjectConfigurationPlatforms) = postSolution
		{D3F542B5-1325-41DE-B653-6015919A446A}.Debug|Any CPU.ActiveCfg = Debug|Any CPU
		{D3F542B5-1325-41DE-B653-6015919A446A}.Debug|Any CPU.Build.0 = Debug|Any CPU
		{D3F542B5-1325-41DE-B653-6015919A446A}.Release|Any CPU.ActiveCfg = Release|Any CPU
		{D3F542B5-1325-41DE-B653-6015919A446A}.Release|Any CPU.Build.0 = Release|Any CPU
	EndGlobalSection
	GlobalSection(SolutionProperties) = preSolution
		HideSolutionNode = FALSE
	EndGlobalSection
	GlobalSection(ExtensibilityGlobals) = postSolution
		SolutionGuid = {DF7A82C8-C749-4FF5-BD7A-3F7C2D7246C4}
	EndGlobalSection
EndGlobal
